
Microsoft Visual Studio Solution File, Format Version 12.00
Project("{2150E333-8FDC-42A3-9474-1A3956D46DE8}") = "WebAPI", "WebAPI", "{4E9F82FE-93A3-4E5E-82E0-467132A6E003}"
EndProject
Project("{2150E333-8FDC-42A3-9474-1A3956D46DE8}") = "Blazor", "Blazor", "{ACA76EAE-732B-4A85-8193-34FF2EDF8261}"
EndProject
Project("{FAE04EC0-301F-11D3-BF4B-00C04F79EFBC}") = "Application", "Application\Application.csproj", "{1B9F1B72-4F40-4718-BED5-6CF29B9C9AC6}"
EndProject
Project("{FAE04EC0-301F-11D3-BF4B-00C04F79EFBC}") = "Domain", "Domain\Domain.csproj", "{CB8EC66E-8E68-4B03-8732-B82DB22FE217}"
EndProject
Project("{FAE04EC0-301F-11D3-BF4B-00C04F79EFBC}") = "FileData", "FileData\FileData.csproj", "{21458138-D69D-44BF-B5CF-4008C6EBD3C0}"
EndProject
Project("{FAE04EC0-301F-11D3-BF4B-00C04F79EFBC}") = "WorkPlannerAPI", "WorkPlannerAPI\WorkPlannerAPI.csproj", "{427AA65F-918F-4B9C-AF86-8A568ADF4D3A}"
EndProject
Project("{FAE04EC0-301F-11D3-BF4B-00C04F79EFBC}") = "WorkPlannerWASM", "WorkPlannerWASM\WorkPlannerWASM.csproj", "{50A62568-14F7-40B0-A911-1F8D8D60B9E7}"
EndProject
Project("{FAE04EC0-301F-11D3-BF4B-00C04F79EFBC}") = "HttpClients", "HttpClients\HttpClients.csproj", "{CCD7984F-8D2A-4EBE-BD57-23AB74723E5B}"
EndProject
Project("{2150E333-8FDC-42A3-9474-1A3956D46DE8}") = "Authentication", "Authentication", "{3E5449F7-A569-4E42-8990-E0E908CACAB9}"
EndProject
Project("{FAE04EC0-301F-11D3-BF4B-00C04F79EFBC}") = "Shared", "Shared\Shared.csproj", "{E2B74962-F2A0-4FEE-B8C5-EDAA73A1BF2A}"
EndProject
Global
	GlobalSection(SolutionConfigurationPlatforms) = preSolution
		Debug|Any CPU = Debug|Any CPU
		Release|Any CPU = Release|Any CPU
	EndGlobalSection
	GlobalSection(NestedProjects) = preSolution
		{1B9F1B72-4F40-4718-BED5-6CF29B9C9AC6} = {4E9F82FE-93A3-4E5E-82E0-467132A6E003}
		{CB8EC66E-8E68-4B03-8732-B82DB22FE217} = {4E9F82FE-93A3-4E5E-82E0-467132A6E003}
		{21458138-D69D-44BF-B5CF-4008C6EBD3C0} = {4E9F82FE-93A3-4E5E-82E0-467132A6E003}
		{427AA65F-918F-4B9C-AF86-8A568ADF4D3A} = {4E9F82FE-93A3-4E5E-82E0-467132A6E003}
		{50A62568-14F7-40B0-A911-1F8D8D60B9E7} = {ACA76EAE-732B-4A85-8193-34FF2EDF8261}
		{CCD7984F-8D2A-4EBE-BD57-23AB74723E5B} = {ACA76EAE-732B-4A85-8193-34FF2EDF8261}
		{E2B74962-F2A0-4FEE-B8C5-EDAA73A1BF2A} = {3E5449F7-A569-4E42-8990-E0E908CACAB9}
	EndGlobalSection
	GlobalSection(ProjectConfigurationPlatforms) = postSolution
		{1B9F1B72-4F40-4718-BED5-6CF29B9C9AC6}.Debug|Any CPU.ActiveCfg = Debug|Any CPU
		{1B9F1B72-4F40-4718-BED5-6CF29B9C9AC6}.Debug|Any CPU.Build.0 = Debug|Any CPU
		{1B9F1B72-4F40-4718-BED5-6CF29B9C9AC6}.Release|Any CPU.ActiveCfg = Release|Any CPU
		{1B9F1B72-4F40-4718-BED5-6CF29B9C9AC6}.Release|Any CPU.Build.0 = Release|Any CPU
		{CB8EC66E-8E68-4B03-8732-B82DB22FE217}.Debug|Any CPU.ActiveCfg = Debug|Any CPU
		{CB8EC66E-8E68-4B03-8732-B82DB22FE217}.Debug|Any CPU.Build.0 = Debug|Any CPU
		{CB8EC66E-8E68-4B03-8732-B82DB22FE217}.Release|Any CPU.ActiveCfg = Release|Any CPU
		{CB8EC66E-8E68-4B03-8732-B82DB22FE217}.Release|Any CPU.Build.0 = Release|Any CPU
		{21458138-D69D-44BF-B5CF-4008C6EBD3C0}.Debug|Any CPU.ActiveCfg = Debug|Any CPU
		{21458138-D69D-44BF-B5CF-4008C6EBD3C0}.Debug|Any CPU.Build.0 = Debug|Any CPU
		{21458138-D69D-44BF-B5CF-4008C6EBD3C0}.Release|Any CPU.ActiveCfg = Release|Any CPU
		{21458138-D69D-44BF-B5CF-4008C6EBD3C0}.Release|Any CPU.Build.0 = Release|Any CPU
		{427AA65F-918F-4B9C-AF86-8A568ADF4D3A}.Debug|Any CPU.ActiveCfg = Debug|Any CPU
		{427AA65F-918F-4B9C-AF86-8A568ADF4D3A}.Debug|Any CPU.Build.0 = Debug|Any CPU
		{427AA65F-918F-4B9C-AF86-8A568ADF4D3A}.Release|Any CPU.ActiveCfg = Release|Any CPU
		{427AA65F-918F-4B9C-AF86-8A568ADF4D3A}.Release|Any CPU.Build.0 = Release|Any CPU
		{50A62568-14F7-40B0-A911-1F8D8D60B9E7}.Debug|Any CPU.ActiveCfg = Debug|Any CPU
		{50A62568-14F7-40B0-A911-1F8D8D60B9E7}.Debug|Any CPU.Build.0 = Debug|Any CPU
		{50A62568-14F7-40B0-A911-1F8D8D60B9E7}.Release|Any CPU.ActiveCfg = Release|Any CPU
		{50A62568-14F7-40B0-A911-1F8D8D60B9E7}.Release|Any CPU.Build.0 = Release|Any CPU
		{CCD7984F-8D2A-4EBE-BD57-23AB74723E5B}.Debug|Any CPU.ActiveCfg = Debug|Any CPU
		{CCD7984F-8D2A-4EBE-BD57-23AB74723E5B}.Debug|Any CPU.Build.0 = Debug|Any CPU
		{CCD7984F-8D2A-4EBE-BD57-23AB74723E5B}.Release|Any CPU.ActiveCfg = Release|Any CPU
		{CCD7984F-8D2A-4EBE-BD57-23AB74723E5B}.Release|Any CPU.Build.0 = Release|Any CPU
		{E2B74962-F2A0-4FEE-B8C5-EDAA73A1BF2A}.Debug|Any CPU.ActiveCfg = Debug|Any CPU
		{E2B74962-F2A0-4FEE-B8C5-EDAA73A1BF2A}.Debug|Any CPU.Build.0 = Debug|Any CPU
		{E2B74962-F2A0-4FEE-B8C5-EDAA73A1BF2A}.Release|Any CPU.ActiveCfg = Release|Any CPU
		{E2B74962-F2A0-4FEE-B8C5-EDAA73A1BF2A}.Release|Any CPU.Build.0 = Release|Any CPU
	EndGlobalSection
EndGlobal
